# This file is automatically @generated by Cargo.
# It is not intended for manual editing.
[[package]]
name = "autocfg"
version = "1.0.1"
source = "registry+https://github.com/rust-lang/crates.io-index"

[[package]]
name = "day13"
version = "0.1.0"
dependencies = [
 "num 0.3.1 (registry+https://github.com/rust-lang/crates.io-index)",
]

[[package]]
name = "num"
version = "0.3.1"
source = "registry+https://github.com/rust-lang/crates.io-index"
dependencies = [
 "num-bigint 0.3.1 (registry+https://github.com/rust-lang/crates.io-index)",
 "num-complex 0.3.1 (registry+https://github.com/rust-lang/crates.io-index)",
 "num-integer 0.1.44 (registry+https://github.com/rust-lang/crates.io-index)",
 "num-iter 0.1.42 (registry+https://github.com/rust-lang/crates.io-index)",
 "num-rational 0.3.2 (registry+https://github.com/rust-lang/crates.io-index)",
 "num-traits 0.2.14 (registry+https://github.com/rust-lang/crates.io-index)",
]

[[package]]
name = "num-bigint"
version = "0.3.1"
source = "registry+https://github.com/rust-lang/crates.io-index"
dependencies = [
 "autocfg 1.0.1 (registry+https://github.com/rust-lang/crates.io-index)",
 "num-integer 0.1.44 (registry+https://github.com/rust-lang/crates.io-index)",
 "num-traits 0.2.14 (registry+https://github.com/rust-lang/crates.io-index)",
]

[[package]]
name = "num-complex"
version = "0.3.1"
source = "registry+https://github.com/rust-lang/crates.io-index"
dependencies = [
 "num-traits 0.2.14 (registry+https://github.com/rust-lang/crates.io-index)",
]

[[package]]
name = "num-integer"
version = "0.1.44"
source = "registry+https://github.com/rust-lang/crates.io-index"
dependencies = [
 "autocfg 1.0.1 (registry+https://github.com/rust-lang/crates.io-index)",
 "num-traits 0.2.14 (registry+https://github.com/rust-lang/crates.io-index)",
]

[[package]]
name = "num-iter"
version = "0.1.42"
source = "registry+https://github.com/rust-lang/crates.io-index"
dependencies = [
 "autocfg 1.0.1 (registry+https://github.com/rust-lang/crates.io-index)",
 "num-integer 0.1.44 (registry+https://github.com/rust-lang/crates.io-index)",
 "num-traits 0.2.14 (registry+https://github.com/rust-lang/crates.io-index)",
]

[[package]]
name = "num-rational"
version = "0.3.2"
source = "registry+https://github.com/rust-lang/crates.io-index"
dependencies = [
 "autocfg 1.0.1 (registry+https://github.com/rust-lang/crates.io-index)",
 "num-bigint 0.3.1 (registry+https://github.com/rust-lang/crates.io-index)",
 "num-integer 0.1.44 (registry+https://github.com/rust-lang/crates.io-index)",
 "num-traits 0.2.14 (registry+https://github.com/rust-lang/crates.io-index)",
]

[[package]]
name = "num-traits"
version = "0.2.14"
source = "registry+https://github.com/rust-lang/crates.io-index"
dependencies = [
 "autocfg 1.0.1 (registry+https://github.com/rust-lang/crates.io-index)",
]

[metadata]
"checksum autocfg 1.0.1 (registry+https://github.com/rust-lang/crates.io-index)" = "cdb031dd78e28731d87d56cc8ffef4a8f36ca26c38fe2de700543e627f8a464a"
"checksum num 0.3.1 (registry+https://github.com/rust-lang/crates.io-index)" = "8b7a8e9be5e039e2ff869df49155f1c06bd01ade2117ec783e56ab0932b67a8f"
"checksum num-bigint 0.3.1 (registry+https://github.com/rust-lang/crates.io-index)" = "5e9a41747ae4633fce5adffb4d2e81ffc5e89593cb19917f8fb2cc5ff76507bf"
"checksum num-complex 0.3.1 (registry+https://github.com/rust-lang/crates.io-index)" = "747d632c0c558b87dbabbe6a82f3b4ae03720d0646ac5b7b4dae89394be5f2c5"
"checksum num-integer 0.1.44 (registry+https://github.com/rust-lang/crates.io-index)" = "d2cc698a63b549a70bc047073d2949cce27cd1c7b0a4a862d08a8031bc2801db"
"checksum num-iter 0.1.42 (registry+https://github.com/rust-lang/crates.io-index)" = "b2021c8337a54d21aca0d59a92577a029af9431cb59b909b03252b9c164fad59"
"checksum num-rational 0.3.2 (registry+https://github.com/rust-lang/crates.io-index)" = "12ac428b1cb17fce6f731001d307d351ec70a6d202fc2e60f7d4c5e42d8f4f07"
"checksum num-traits 0.2.14 (registry+https://github.com/rust-lang/crates.io-index)" = "9a64b1ec5cda2586e284722486d802acf1f7dbdc623e2bfc57e65ca1cd099290"
